
Microsoft Visual Studio Solution File, Format Version 12.00
# Visual Studio Version 17
VisualStudioVersion = 17.7.34031.279
MinimumVisualStudioVersion = 10.0.40219.1
Project("{FAE04EC0-301F-11D3-BF4B-00C04F79EFBC}") = "catalog_of_products", "catalog_of_products\catalog_of_products.csproj", "{C264D0EC-AD74-41AF-B8C6-0660F8018232}"
EndProject
Global
	GlobalSection(SolutionConfigurationPlatforms) = preSolution
		Debug|Any CPU = Debug|Any CPU
		Release|Any CPU = Release|Any CPU
	EndGlobalSection
	GlobalSection(ProjectConfigurationPlatforms) = postSolution
		{C264D0EC-AD74-41AF-B8C6-0660F8018232}.Debug|Any CPU.ActiveCfg = Debug|Any CPU
		{C264D0EC-AD74-41AF-B8C6-0660F8018232}.Debug|Any CPU.Build.0 = Debug|Any CPU
		{C264D0EC-AD74-41AF-B8C6-0660F8018232}.Release|Any CPU.ActiveCfg = Release|Any CPU
		{C264D0EC-AD74-41AF-B8C6-0660F8018232}.Release|Any CPU.Build.0 = Release|Any CPU
	EndGlobalSection
	GlobalSection(SolutionProperties) = preSolution
		HideSolutionNode = FALSE
	EndGlobalSection
	GlobalSection(ExtensibilityGlobals) = postSolution
		SolutionGuid = {AAA02ACB-A6C9-48FA-B341-817A8F7F3058}
	EndGlobalSection
EndGlobal
